
Microsoft Visual Studio Solution File, Format Version 12.00
# Visual Studio Version 17
VisualStudioVersion = 17.14.37411.7 d17.14
MinimumVisualStudioVersion = 10.0.40219.1
Project("{FAE04EC0-301F-11D3-BF4B-00C04F79EFBC}") = "News2Video", "News2Video.csproj", "{460177E6-E023-4DC5-B623-90EBB2E492C1}"
EndProject
Global
	GlobalSection(SolutionConfigurationPlatforms) = preSolution
		Debug|Any CPU = Debug|Any CPU
		Release|Any CPU = Release|Any CPU
	EndGlobalSection
	GlobalSection(ProjectConfigurationPlatforms) = postSolution
		{460177E6-E023-4DC5-B623-90EBB2E492C1}.Debug|Any CPU.ActiveCfg = Debug|Any CPU
		{460177E6-E023-4DC5-B623-90EBB2E492C1}.Debug|Any CPU.Build.0 = Debug|Any CPU
		{460177E6-E023-4DC5-B623-90EBB2E492C1}.Release|Any CPU.ActiveCfg = Release|Any CPU
		{460177E6-E023-4DC5-B623-90EBB2E492C1}.Release|Any CPU.Build.0 = Release|Any CPU
	EndGlobalSection
	GlobalSection(SolutionProperties) = preSolution
		HideSolutionNode = FALSE
	EndGlobalSection
	GlobalSection(ExtensibilityGlobals) = postSolution
		SolutionGuid = {9D0413DD-46EF-4CD3-B9EF-91C3D26F7112}
	EndGlobalSection
EndGlobal
